
Microsoft Visual Studio Solution File, Format Version 12.00
# Visual Studio Version 16
VisualStudioVersion = 16.0.29403.142
MinimumVisualStudioVersion = 10.0.40219.1
Project("{FAE04EC0-301F-11D3-BF4B-00C04F79EFBC}") = "LaMulana2Randomizer", "LaMulana2Randomizer\LaMulana2Randomizer.csproj", "{40078A86-30B5-410D-9691-EC207662AE2D}"
EndProject
Project("{FAE04EC0-301F-11D3-BF4B-00C04F79EFBC}") = "Assembly-CSharp", "Assembly-CSharp\Assembly-CSharp.csproj", "{34400CB6-0827-46B4-801D-CA281FFACD2E}"
EndProject
Project("{FAE04EC0-301F-11D3-BF4B-00C04F79EFBC}") = "LaMulana2RandomizerShared", "LM2RandomiserShared\LaMulana2RandomizerShared.csproj", "{9F97EB8E-6DCE-4F97-A1A6-5D0F354F581B}"
EndProject
Global
	GlobalSection(SolutionConfigurationPlatforms) = preSolution
		Debug|Any CPU = Debug|Any CPU
		Dev|Any CPU = Dev|Any CPU
		Release|Any CPU = Release|Any CPU
	EndGlobalSection
	GlobalSection(ProjectConfigurationPlatforms) = postSolution
		{40078A86-30B5-410D-9691-EC207662AE2D}.Debug|Any CPU.ActiveCfg = Debug|Any CPU
		{40078A86-30B5-410D-9691-EC207662AE2D}.Debug|Any CPU.Build.0 = Debug|Any CPU
		{40078A86-30B5-410D-9691-EC207662AE2D}.Dev|Any CPU.ActiveCfg = Release|Any CPU
		{40078A86-30B5-410D-9691-EC207662AE2D}.Dev|Any CPU.Build.0 = Release|Any CPU
		{40078A86-30B5-410D-9691-EC207662AE2D}.Release|Any CPU.ActiveCfg = Release|Any CPU
		{40078A86-30B5-410D-9691-EC207662AE2D}.Release|Any CPU.Build.0 = Release|Any CPU
		{34400CB6-0827-46B4-801D-CA281FFACD2E}.Debug|Any CPU.ActiveCfg = Dev|Any CPU
		{34400CB6-0827-46B4-801D-CA281FFACD2E}.Debug|Any CPU.Build.0 = Dev|Any CPU
		{34400CB6-0827-46B4-801D-CA281FFACD2E}.Dev|Any CPU.ActiveCfg = Release|Any CPU
		{34400CB6-0827-46B4-801D-CA281FFACD2E}.Dev|Any CPU.Build.0 = Release|Any CPU
		{34400CB6-0827-46B4-801D-CA281FFACD2E}.Release|Any CPU.ActiveCfg = Release|Any CPU
		{34400CB6-0827-46B4-801D-CA281FFACD2E}.Release|Any CPU.Build.0 = Release|Any CPU
		{9F97EB8E-6DCE-4F97-A1A6-5D0F354F581B}.Debug|Any CPU.ActiveCfg = Release|Any CPU
		{9F97EB8E-6DCE-4F97-A1A6-5D0F354F581B}.Debug|Any CPU.Build.0 = Release|Any CPU
		{9F97EB8E-6DCE-4F97-A1A6-5D0F354F581B}.Dev|Any CPU.ActiveCfg = Release|Any CPU
		{9F97EB8E-6DCE-4F97-A1A6-5D0F354F581B}.Dev|Any CPU.Build.0 = Release|Any CPU
		{9F97EB8E-6DCE-4F97-A1A6-5D0F354F581B}.Release|Any CPU.ActiveCfg = Release|Any CPU
		{9F97EB8E-6DCE-4F97-A1A6-5D0F354F581B}.Release|Any CPU.Build.0 = Release|Any CPU
	EndGlobalSection
	GlobalSection(SolutionProperties) = preSolution
		HideSolutionNode = FALSE
	EndGlobalSection
	GlobalSection(ExtensibilityGlobals) = postSolution
		SolutionGuid = {60DC95DA-BA9D-482A-A02E-7674921D3CCD}
	EndGlobalSection
EndGlobal
