
Microsoft Visual Studio Solution File, Format Version 12.00
# Visual Studio 15
VisualStudioVersion = 15.0.28307.329
MinimumVisualStudioVersion = 10.0.40219.1
Project("{FAE04EC0-301F-11D3-BF4B-00C04F79EFBC}") = "LM2Randomiser", "LM2Randomiser\LM2Randomiser.csproj", "{96A7260E-94E9-45E3-A381-42AE00184964}"
EndProject
Project("{FAE04EC0-301F-11D3-BF4B-00C04F79EFBC}") = "Assembly-CSharp", "Assembly-CSharp\Assembly-CSharp.csproj", "{34400CB6-0827-46B4-801D-CA281FFACD2E}"
EndProject
Global
	GlobalSection(SolutionConfigurationPlatforms) = preSolution
		Debug|Any CPU = Debug|Any CPU
		Release|Any CPU = Release|Any CPU
	EndGlobalSection
	GlobalSection(ProjectConfigurationPlatforms) = postSolution
		{96A7260E-94E9-45E3-A381-42AE00184964}.Debug|Any CPU.ActiveCfg = Debug|Any CPU
		{96A7260E-94E9-45E3-A381-42AE00184964}.Debug|Any CPU.Build.0 = Debug|Any CPU
		{96A7260E-94E9-45E3-A381-42AE00184964}.Release|Any CPU.ActiveCfg = Release|Any CPU
		{96A7260E-94E9-45E3-A381-42AE00184964}.Release|Any CPU.Build.0 = Release|Any CPU
		{34400CB6-0827-46B4-801D-CA281FFACD2E}.Debug|Any CPU.ActiveCfg = Debug|Any CPU
		{34400CB6-0827-46B4-801D-CA281FFACD2E}.Debug|Any CPU.Build.0 = Debug|Any CPU
		{34400CB6-0827-46B4-801D-CA281FFACD2E}.Release|Any CPU.ActiveCfg = Release|Any CPU
		{34400CB6-0827-46B4-801D-CA281FFACD2E}.Release|Any CPU.Build.0 = Release|Any CPU
	EndGlobalSection
	GlobalSection(SolutionProperties) = preSolution
		HideSolutionNode = FALSE
	EndGlobalSection
	GlobalSection(ExtensibilityGlobals) = postSolution
		SolutionGuid = {E90494D3-7C2D-467D-9940-552B8A210170}
	EndGlobalSection
EndGlobal
